
Microsoft Visual Studio Solution File, Format Version 12.00
# Visual Studio 15
VisualStudioVersion = 15.0.28010.2016
MinimumVisualStudioVersion = 10.0.40219.1
Project("{FAE04EC0-301F-11D3-BF4B-00C04F79EFBC}") = "ApCycle.Android", "ApCycle\ApCycle.Android\ApCycle.Android.csproj", "{7034B4FA-49B4-4211-8708-EE5E0CECCF99}"
EndProject
Project("{FAE04EC0-301F-11D3-BF4B-00C04F79EFBC}") = "ApCycle.iOS", "ApCycle\ApCycle.iOS\ApCycle.iOS.csproj", "{461CEA02-54F5-47D2-9617-799A919A1745}"
EndProject
Project("{FAE04EC0-301F-11D3-BF4B-00C04F79EFBC}") = "ApCycle", "ApCycle\ApCycle\ApCycle.csproj", "{748313C7-DF5A-4698-9984-B5206EFD1288}"
EndProject
Global
	GlobalSection(SolutionConfigurationPlatforms) = preSolution
		Ad-Hoc|Any CPU = Ad-Hoc|Any CPU
		Ad-Hoc|iPhone = Ad-Hoc|iPhone
		Ad-Hoc|iPhoneSimulator = Ad-Hoc|iPhoneSimulator
		AppStore|Any CPU = AppStore|Any CPU
		AppStore|iPhone = AppStore|iPhone
		AppStore|iPhoneSimulator = AppStore|iPhoneSimulator
		Debug|Any CPU = Debug|Any CPU
		Debug|iPhone = Debug|iPhone
		Debug|iPhoneSimulator = Debug|iPhoneSimulator
		Release|Any CPU = Release|Any CPU
		Release|iPhone = Release|iPhone
		Release|iPhoneSimulator = Release|iPhoneSimulator
	EndGlobalSection
	GlobalSection(ProjectConfigurationPlatforms) = postSolution
		{7034B4FA-49B4-4211-8708-EE5E0CECCF99}.Ad-Hoc|Any CPU.ActiveCfg = Release|Any CPU
		{7034B4FA-49B4-4211-8708-EE5E0CECCF99}.Ad-Hoc|Any CPU.Build.0 = Release|Any CPU
		{7034B4FA-49B4-4211-8708-EE5E0CECCF99}.Ad-Hoc|Any CPU.Deploy.0 = Release|Any CPU
		{7034B4FA-49B4-4211-8708-EE5E0CECCF99}.Ad-Hoc|iPhone.ActiveCfg = Release|Any CPU
		{7034B4FA-49B4-4211-8708-EE5E0CECCF99}.Ad-Hoc|iPhone.Build.0 = Release|Any CPU
		{7034B4FA-49B4-4211-8708-EE5E0CECCF99}.Ad-Hoc|iPhone.Deploy.0 = Release|Any CPU
		{7034B4FA-49B4-4211-8708-EE5E0CECCF99}.Ad-Hoc|iPhoneSimulator.ActiveCfg = Release|Any CPU
		{7034B4FA-49B4-4211-8708-EE5E0CECCF99}.Ad-Hoc|iPhoneSimulator.Build.0 = Release|Any CPU
		{7034B4FA-49B4-4211-8708-EE5E0CECCF99}.Ad-Hoc|iPhoneSimulator.Deploy.0 = Release|Any CPU
		{7034B4FA-49B4-4211-8708-EE5E0CECCF99}.AppStore|Any CPU.ActiveCfg = Release|Any CPU
		{7034B4FA-49B4-4211-8708-EE5E0CECCF99}.AppStore|Any CPU.Build.0 = Release|Any CPU
		{7034B4FA-49B4-4211-8708-EE5E0CECCF99}.AppStore|Any CPU.Deploy.0 = Release|Any CPU
		{7034B4FA-49B4-4211-8708-EE5E0CECCF99}.AppStore|iPhone.ActiveCfg = Release|Any CPU
		{7034B4FA-49B4-4211-8708-EE5E0CECCF99}.AppStore|iPhone.Build.0 = Release|Any CPU
		{7034B4FA-49B4-4211-8708-EE5E0CECCF99}.AppStore|iPhone.Deploy.0 = Release|Any CPU
		{7034B4FA-49B4-4211-8708-EE5E0CECCF99}.AppStore|iPhoneSimulator.ActiveCfg = Release|Any CPU
		{7034B4FA-49B4-4211-8708-EE5E0CECCF99}.AppStore|iPhoneSimulator.Build.0 = Release|Any CPU
		{7034B4FA-49B4-4211-8708-EE5E0CECCF99}.AppStore|iPhoneSimulator.Deploy.0 = Release|Any CPU
		{7034B4FA-49B4-4211-8708-EE5E0CECCF99}.Debug|Any CPU.ActiveCfg = Debug|Any CPU
		{7034B4FA-49B4-4211-8708-EE5E0CECCF99}.Debug|Any CPU.Build.0 = Debug|Any CPU
		{7034B4FA-49B4-4211-8708-EE5E0CECCF99}.Debug|Any CPU.Deploy.0 = Debug|Any CPU
		{7034B4FA-49B4-4211-8708-EE5E0CECCF99}.Debug|iPhone.ActiveCfg = Debug|Any CPU
		{7034B4FA-49B4-4211-8708-EE5E0CECCF99}.Debug|iPhone.Build.0 = Debug|Any CPU
		{7034B4FA-49B4-4211-8708-EE5E0CECCF99}.Debug|iPhone.Deploy.0 = Debug|Any CPU
		{7034B4FA-49B4-4211-8708-EE5E0CECCF99}.Debug|iPhoneSimulator.ActiveCfg = Debug|Any CPU
		{7034B4FA-49B4-4211-8708-EE5E0CECCF99}.Debug|iPhoneSimulator.Build.0 = Debug|Any CPU
		{7034B4FA-49B4-4211-8708-EE5E0CECCF99}.Debug|iPhoneSimulator.Deploy.0 = Debug|Any CPU
		{7034B4FA-49B4-4211-8708-EE5E0CECCF99}.Release|Any CPU.ActiveCfg = Release|Any CPU
		{7034B4FA-49B4-4211-8708-EE5E0CECCF99}.Release|Any CPU.Build.0 = Release|Any CPU
		{7034B4FA-49B4-4211-8708-EE5E0CECCF99}.Release|Any CPU.Deploy.0 = Release|Any CPU
		{7034B4FA-49B4-4211-8708-EE5E0CECCF99}.Release|iPhone.ActiveCfg = Release|Any CPU
		{7034B4FA-49B4-4211-8708-EE5E0CECCF99}.Release|iPhone.Build.0 = Release|Any CPU
		{7034B4FA-49B4-4211-8708-EE5E0CECCF99}.Release|iPhone.Deploy.0 = Release|Any CPU
		{7034B4FA-49B4-4211-8708-EE5E0CECCF99}.Release|iPhoneSimulator.ActiveCfg = Release|Any CPU
		{7034B4FA-49B4-4211-8708-EE5E0CECCF99}.Release|iPhoneSimulator.Build.0 = Release|Any CPU
		{7034B4FA-49B4-4211-8708-EE5E0CECCF99}.Release|iPhoneSimulator.Deploy.0 = Release|Any CPU
		{461CEA02-54F5-47D2-9617-799A919A1745}.Ad-Hoc|Any CPU.ActiveCfg = Ad-Hoc|iPhone
		{461CEA02-54F5-47D2-9617-799A919A1745}.Ad-Hoc|Any CPU.Build.0 = Ad-Hoc|iPhone
		{461CEA02-54F5-47D2-9617-799A919A1745}.Ad-Hoc|Any CPU.Deploy.0 = Ad-Hoc|iPhone
		{461CEA02-54F5-47D2-9617-799A919A1745}.Ad-Hoc|iPhone.ActiveCfg = Ad-Hoc|iPhone
		{461CEA02-54F5-47D2-9617-799A919A1745}.Ad-Hoc|iPhone.Build.0 = Ad-Hoc|iPhone
		{461CEA02-54F5-47D2-9617-799A919A1745}.Ad-Hoc|iPhone.Deploy.0 = Ad-Hoc|iPhone
		{461CEA02-54F5-47D2-9617-799A919A1745}.Ad-Hoc|iPhoneSimulator.ActiveCfg = Ad-Hoc|iPhoneSimulator
		{461CEA02-54F5-47D2-9617-799A919A1745}.Ad-Hoc|iPhoneSimulator.Build.0 = Ad-Hoc|iPhoneSimulator
		{461CEA02-54F5-47D2-9617-799A919A1745}.Ad-Hoc|iPhoneSimulator.Deploy.0 = Ad-Hoc|iPhoneSimulator
		{461CEA02-54F5-47D2-9617-799A919A1745}.AppStore|Any CPU.ActiveCfg = AppStore|iPhone
		{461CEA02-54F5-47D2-9617-799A919A1745}.AppStore|Any CPU.Build.0 = AppStore|iPhone
		{461CEA02-54F5-47D2-9617-799A919A1745}.AppStore|Any CPU.Deploy.0 = AppStore|iPhone
		{461CEA02-54F5-47D2-9617-799A919A1745}.AppStore|iPhone.ActiveCfg = AppStore|iPhone
		{461CEA02-54F5-47D2-9617-799A919A1745}.AppStore|iPhone.Build.0 = AppStore|iPhone
		{461CEA02-54F5-47D2-9617-799A919A1745}.AppStore|iPhone.Deploy.0 = AppStore|iPhone
		{461CEA02-54F5-47D2-9617-799A919A1745}.AppStore|iPhoneSimulator.ActiveCfg = AppStore|iPhoneSimulator
		{461CEA02-54F5-47D2-9617-799A919A1745}.AppStore|iPhoneSimulator.Build.0 = AppStore|iPhoneSimulator
		{461CEA02-54F5-47D2-9617-799A919A1745}.AppStore|iPhoneSimulator.Deploy.0 = AppStore|iPhoneSimulator
		{461CEA02-54F5-47D2-9617-799A919A1745}.Debug|Any CPU.ActiveCfg = Debug|iPhoneSimulator
		{461CEA02-54F5-47D2-9617-799A919A1745}.Debug|Any CPU.Build.0 = Debug|iPhoneSimulator
		{461CEA02-54F5-47D2-9617-799A919A1745}.Debug|Any CPU.Deploy.0 = Debug|iPhoneSimulator
		{461CEA02-54F5-47D2-9617-799A919A1745}.Debug|iPhone.ActiveCfg = Debug|iPhone
		{461CEA02-54F5-47D2-9617-799A919A1745}.Debug|iPhone.Build.0 = Debug|iPhone
		{461CEA02-54F5-47D2-9617-799A919A1745}.Debug|iPhone.Deploy.0 = Debug|iPhone
		{461CEA02-54F5-47D2-9617-799A919A1745}.Debug|iPhoneSimulator.ActiveCfg = Debug|iPhoneSimulator
		{461CEA02-54F5-47D2-9617-799A919A1745}.Debug|iPhoneSimulator.Build.0 = Debug|iPhoneSimulator
		{461CEA02-54F5-47D2-9617-799A919A1745}.Debug|iPhoneSimulator.Deploy.0 = Debug|iPhoneSimulator
		{461CEA02-54F5-47D2-9617-799A919A1745}.Release|Any CPU.ActiveCfg = Release|iPhone
		{461CEA02-54F5-47D2-9617-799A919A1745}.Release|Any CPU.Build.0 = Release|iPhone
		{461CEA02-54F5-47D2-9617-799A919A1745}.Release|Any CPU.Deploy.0 = Release|iPhone
		{461CEA02-54F5-47D2-9617-799A919A1745}.Release|iPhone.ActiveCfg = Release|iPhone
		{461CEA02-54F5-47D2-9617-799A919A1745}.Release|iPhone.Build.0 = Release|iPhone
		{461CEA02-54F5-47D2-9617-799A919A1745}.Release|iPhone.Deploy.0 = Release|iPhone
		{461CEA02-54F5-47D2-9617-799A919A1745}.Release|iPhoneSimulator.ActiveCfg = Release|iPhoneSimulator
		{461CEA02-54F5-47D2-9617-799A919A1745}.Release|iPhoneSimulator.Build.0 = Release|iPhoneSimulator
		{461CEA02-54F5-47D2-9617-799A919A1745}.Release|iPhoneSimulator.Deploy.0 = Release|iPhoneSimulator
		{748313C7-DF5A-4698-9984-B5206EFD1288}.Ad-Hoc|Any CPU.ActiveCfg = Debug|Any CPU
		{748313C7-DF5A-4698-9984-B5206EFD1288}.Ad-Hoc|Any CPU.Build.0 = Debug|Any CPU
		{748313C7-DF5A-4698-9984-B5206EFD1288}.Ad-Hoc|Any CPU.Deploy.0 = Debug|Any CPU
		{748313C7-DF5A-4698-9984-B5206EFD1288}.Ad-Hoc|iPhone.ActiveCfg = Debug|Any CPU
		{748313C7-DF5A-4698-9984-B5206EFD1288}.Ad-Hoc|iPhone.Build.0 = Debug|Any CPU
		{748313C7-DF5A-4698-9984-B5206EFD1288}.Ad-Hoc|iPhone.Deploy.0 = Debug|Any CPU
		{748313C7-DF5A-4698-9984-B5206EFD1288}.Ad-Hoc|iPhoneSimulator.ActiveCfg = Debug|Any CPU
		{748313C7-DF5A-4698-9984-B5206EFD1288}.Ad-Hoc|iPhoneSimulator.Build.0 = Debug|Any CPU
		{748313C7-DF5A-4698-9984-B5206EFD1288}.Ad-Hoc|iPhoneSimulator.Deploy.0 = Debug|Any CPU
		{748313C7-DF5A-4698-9984-B5206EFD1288}.AppStore|Any CPU.ActiveCfg = Debug|Any CPU
		{748313C7-DF5A-4698-9984-B5206EFD1288}.AppStore|Any CPU.Build.0 = Debug|Any CPU
		{748313C7-DF5A-4698-9984-B5206EFD1288}.AppStore|Any CPU.Deploy.0 = Debug|Any CPU
		{748313C7-DF5A-4698-9984-B5206EFD1288}.AppStore|iPhone.ActiveCfg = Debug|Any CPU
		{748313C7-DF5A-4698-9984-B5206EFD1288}.AppStore|iPhone.Build.0 = Debug|Any CPU
		{748313C7-DF5A-4698-9984-B5206EFD1288}.AppStore|iPhone.Deploy.0 = Debug|Any CPU
		{748313C7-DF5A-4698-9984-B5206EFD1288}.AppStore|iPhoneSimulator.ActiveCfg = Debug|Any CPU
		{748313C7-DF5A-4698-9984-B5206EFD1288}.AppStore|iPhoneSimulator.Build.0 = Debug|Any CPU
		{748313C7-DF5A-4698-9984-B5206EFD1288}.AppStore|iPhoneSimulator.Deploy.0 = Debug|Any CPU
		{748313C7-DF5A-4698-9984-B5206EFD1288}.Debug|Any CPU.ActiveCfg = Debug|Any CPU
		{748313C7-DF5A-4698-9984-B5206EFD1288}.Debug|Any CPU.Build.0 = Debug|Any CPU
		{748313C7-DF5A-4698-9984-B5206EFD1288}.Debug|Any CPU.Deploy.0 = Debug|Any CPU
		{748313C7-DF5A-4698-9984-B5206EFD1288}.Debug|iPhone.ActiveCfg = Debug|Any CPU
		{748313C7-DF5A-4698-9984-B5206EFD1288}.Debug|iPhone.Build.0 = Debug|Any CPU
		{748313C7-DF5A-4698-9984-B5206EFD1288}.Debug|iPhone.Deploy.0 = Debug|Any CPU
		{748313C7-DF5A-4698-9984-B5206EFD1288}.Debug|iPhoneSimulator.ActiveCfg = Debug|Any CPU
		{748313C7-DF5A-4698-9984-B5206EFD1288}.Debug|iPhoneSimulator.Build.0 = Debug|Any CPU
		{748313C7-DF5A-4698-9984-B5206EFD1288}.Debug|iPhoneSimulator.Deploy.0 = Debug|Any CPU
		{748313C7-DF5A-4698-9984-B5206EFD1288}.Release|Any CPU.ActiveCfg = Release|Any CPU
		{748313C7-DF5A-4698-9984-B5206EFD1288}.Release|Any CPU.Build.0 = Release|Any CPU
		{748313C7-DF5A-4698-9984-B5206EFD1288}.Release|Any CPU.Deploy.0 = Release|Any CPU
		{748313C7-DF5A-4698-9984-B5206EFD1288}.Release|iPhone.ActiveCfg = Release|Any CPU
		{748313C7-DF5A-4698-9984-B5206EFD1288}.Release|iPhone.Build.0 = Release|Any CPU
		{748313C7-DF5A-4698-9984-B5206EFD1288}.Release|iPhone.Deploy.0 = Release|Any CPU
		{748313C7-DF5A-4698-9984-B5206EFD1288}.Release|iPhoneSimulator.ActiveCfg = Release|Any CPU
		{748313C7-DF5A-4698-9984-B5206EFD1288}.Release|iPhoneSimulator.Build.0 = Release|Any CPU
		{748313C7-DF5A-4698-9984-B5206EFD1288}.Release|iPhoneSimulator.Deploy.0 = Release|Any CPU
	EndGlobalSection
	GlobalSection(SolutionProperties) = preSolution
		HideSolutionNode = FALSE
	EndGlobalSection
	GlobalSection(ExtensibilityGlobals) = postSolution
		SolutionGuid = {52357967-4BFE-4035-8BA5-609853D66F86}
	EndGlobalSection
EndGlobal
